
Microsoft Visual Studio Solution File, Format Version 12.00
# Visual Studio Version 16
VisualStudioVersion = 16.0.31025.194
MinimumVisualStudioVersion = 10.0.40219.1
Project("{FAE04EC0-301F-11D3-BF4B-00C04F79EFBC}") = "NestedLoops", "NestedLoops.csproj", "{C1B49C20-EBCE-4DAB-B4C3-6C601F4D9796}"
EndProject
Project("{FAE04EC0-301F-11D3-BF4B-00C04F79EFBC}") = "Multiplication", "..\Multiplication\Multiplication.csproj", "{C5B017AF-A5AB-4347-B31C-74DAFF329C31}"
EndProject
Project("{FAE04EC0-301F-11D3-BF4B-00C04F79EFBC}") = "Combinations", "..\Combinations\Combinations.csproj", "{48AF1939-612C-4E38-B061-039EC320B829}"
EndProject
Project("{FAE04EC0-301F-11D3-BF4B-00C04F79EFBC}") = "SumOfTwo", "..\SumOfTwo\SumOfTwo.csproj", "{CE7D50BE-DB4B-4732-BFC9-5CE070879C5F}"
EndProject
Project("{FAE04EC0-301F-11D3-BF4B-00C04F79EFBC}") = "Traveling", "..\Traveling\Traveling.csproj", "{5704FE28-F592-4657-84C6-15EEC514CC4D}"
EndProject
Project("{FAE04EC0-301F-11D3-BF4B-00C04F79EFBC}") = "CinemaTickets", "..\CinemaTickets\CinemaTickets.csproj", "{8B39642E-D3B4-4012-A4FE-8EC949321C37}"
EndProject
Global
	GlobalSection(SolutionConfigurationPlatforms) = preSolution
		Debug|Any CPU = Debug|Any CPU
		Release|Any CPU = Release|Any CPU
	EndGlobalSection
	GlobalSection(ProjectConfigurationPlatforms) = postSolution
		{C1B49C20-EBCE-4DAB-B4C3-6C601F4D9796}.Debug|Any CPU.ActiveCfg = Debug|Any CPU
		{C1B49C20-EBCE-4DAB-B4C3-6C601F4D9796}.Debug|Any CPU.Build.0 = Debug|Any CPU
		{C1B49C20-EBCE-4DAB-B4C3-6C601F4D9796}.Release|Any CPU.ActiveCfg = Release|Any CPU
		{C1B49C20-EBCE-4DAB-B4C3-6C601F4D9796}.Release|Any CPU.Build.0 = Release|Any CPU
		{C5B017AF-A5AB-4347-B31C-74DAFF329C31}.Debug|Any CPU.ActiveCfg = Debug|Any CPU
		{C5B017AF-A5AB-4347-B31C-74DAFF329C31}.Debug|Any CPU.Build.0 = Debug|Any CPU
		{C5B017AF-A5AB-4347-B31C-74DAFF329C31}.Release|Any CPU.ActiveCfg = Release|Any CPU
		{C5B017AF-A5AB-4347-B31C-74DAFF329C31}.Release|Any CPU.Build.0 = Release|Any CPU
		{48AF1939-612C-4E38-B061-039EC320B829}.Debug|Any CPU.ActiveCfg = Debug|Any CPU
		{48AF1939-612C-4E38-B061-039EC320B829}.Debug|Any CPU.Build.0 = Debug|Any CPU
		{48AF1939-612C-4E38-B061-039EC320B829}.Release|Any CPU.ActiveCfg = Release|Any CPU
		{48AF1939-612C-4E38-B061-039EC320B829}.Release|Any CPU.Build.0 = Release|Any CPU
		{CE7D50BE-DB4B-4732-BFC9-5CE070879C5F}.Debug|Any CPU.ActiveCfg = Debug|Any CPU
		{CE7D50BE-DB4B-4732-BFC9-5CE070879C5F}.Debug|Any CPU.Build.0 = Debug|Any CPU
		{CE7D50BE-DB4B-4732-BFC9-5CE070879C5F}.Release|Any CPU.ActiveCfg = Release|Any CPU
		{CE7D50BE-DB4B-4732-BFC9-5CE070879C5F}.Release|Any CPU.Build.0 = Release|Any CPU
		{5704FE28-F592-4657-84C6-15EEC514CC4D}.Debug|Any CPU.ActiveCfg = Debug|Any CPU
		{5704FE28-F592-4657-84C6-15EEC514CC4D}.Debug|Any CPU.Build.0 = Debug|Any CPU
		{5704FE28-F592-4657-84C6-15EEC514CC4D}.Release|Any CPU.ActiveCfg = Release|Any CPU
		{5704FE28-F592-4657-84C6-15EEC514CC4D}.Release|Any CPU.Build.0 = Release|Any CPU
		{8B39642E-D3B4-4012-A4FE-8EC949321C37}.Debug|Any CPU.ActiveCfg = Debug|Any CPU
		{8B39642E-D3B4-4012-A4FE-8EC949321C37}.Debug|Any CPU.Build.0 = Debug|Any CPU
		{8B39642E-D3B4-4012-A4FE-8EC949321C37}.Release|Any CPU.ActiveCfg = Release|Any CPU
		{8B39642E-D3B4-4012-A4FE-8EC949321C37}.Release|Any CPU.Build.0 = Release|Any CPU
	EndGlobalSection
	GlobalSection(SolutionProperties) = preSolution
		HideSolutionNode = FALSE
	EndGlobalSection
	GlobalSection(ExtensibilityGlobals) = postSolution
		SolutionGuid = {1524B282-BE06-419A-AFB8-FADAC9DC2C17}
	EndGlobalSection
EndGlobal
