
Microsoft Visual Studio Solution File, Format Version 12.00
# Visual Studio Version 16
VisualStudioVersion = 16.0.31515.178
MinimumVisualStudioVersion = 10.0.40219.1
Project("{FAE04EC0-301F-11D3-BF4B-00C04F79EFBC}") = "Password Reset", "Password Reset.csproj", "{C09EACFE-21F9-4724-BFA0-416933385936}"
EndProject
Project("{FAE04EC0-301F-11D3-BF4B-00C04F79EFBC}") = "Emoji Detector", "..\Emoji Detector\Emoji Detector.csproj", "{AE777D22-9516-4123-9243-AB4D805B8183}"
EndProject
Global
	GlobalSection(SolutionConfigurationPlatforms) = preSolution
		Debug|Any CPU = Debug|Any CPU
		Release|Any CPU = Release|Any CPU
	EndGlobalSection
	GlobalSection(ProjectConfigurationPlatforms) = postSolution
		{C09EACFE-21F9-4724-BFA0-416933385936}.Debug|Any CPU.ActiveCfg = Debug|Any CPU
		{C09EACFE-21F9-4724-BFA0-416933385936}.Debug|Any CPU.Build.0 = Debug|Any CPU
		{C09EACFE-21F9-4724-BFA0-416933385936}.Release|Any CPU.ActiveCfg = Release|Any CPU
		{C09EACFE-21F9-4724-BFA0-416933385936}.Release|Any CPU.Build.0 = Release|Any CPU
		{AE777D22-9516-4123-9243-AB4D805B8183}.Debug|Any CPU.ActiveCfg = Debug|Any CPU
		{AE777D22-9516-4123-9243-AB4D805B8183}.Debug|Any CPU.Build.0 = Debug|Any CPU
		{AE777D22-9516-4123-9243-AB4D805B8183}.Release|Any CPU.ActiveCfg = Release|Any CPU
		{AE777D22-9516-4123-9243-AB4D805B8183}.Release|Any CPU.Build.0 = Release|Any CPU
	EndGlobalSection
	GlobalSection(SolutionProperties) = preSolution
		HideSolutionNode = FALSE
	EndGlobalSection
	GlobalSection(ExtensibilityGlobals) = postSolution
		SolutionGuid = {C27454EB-5BD9-4C80-9309-849150E5EB26}
	EndGlobalSection
EndGlobal
