
Microsoft Visual Studio Solution File, Format Version 12.00
# Visual Studio Version 16
VisualStudioVersion = 16.0.31025.194
MinimumVisualStudioVersion = 10.0.40219.1
Project("{FAE04EC0-301F-11D3-BF4B-00C04F79EFBC}") = "NumberPyramid", "NumberPyramid.csproj", "{D6361BC6-0690-4B3A-819D-0BA5C6524881}"
EndProject
Project("{FAE04EC0-301F-11D3-BF4B-00C04F79EFBC}") = "EqualSumsEvenOddPosition", "..\EqualSumsEvenOddPosition\EqualSumsEvenOddPosition.csproj", "{C597D115-0D2A-4EB3-BEAB-277B49E08977}"
EndProject
Global
	GlobalSection(SolutionConfigurationPlatforms) = preSolution
		Debug|Any CPU = Debug|Any CPU
		Release|Any CPU = Release|Any CPU
	EndGlobalSection
	GlobalSection(ProjectConfigurationPlatforms) = postSolution
		{D6361BC6-0690-4B3A-819D-0BA5C6524881}.Debug|Any CPU.ActiveCfg = Debug|Any CPU
		{D6361BC6-0690-4B3A-819D-0BA5C6524881}.Debug|Any CPU.Build.0 = Debug|Any CPU
		{D6361BC6-0690-4B3A-819D-0BA5C6524881}.Release|Any CPU.ActiveCfg = Release|Any CPU
		{D6361BC6-0690-4B3A-819D-0BA5C6524881}.Release|Any CPU.Build.0 = Release|Any CPU
		{C597D115-0D2A-4EB3-BEAB-277B49E08977}.Debug|Any CPU.ActiveCfg = Debug|Any CPU
		{C597D115-0D2A-4EB3-BEAB-277B49E08977}.Debug|Any CPU.Build.0 = Debug|Any CPU
		{C597D115-0D2A-4EB3-BEAB-277B49E08977}.Release|Any CPU.ActiveCfg = Release|Any CPU
		{C597D115-0D2A-4EB3-BEAB-277B49E08977}.Release|Any CPU.Build.0 = Release|Any CPU
	EndGlobalSection
	GlobalSection(SolutionProperties) = preSolution
		HideSolutionNode = FALSE
	EndGlobalSection
	GlobalSection(ExtensibilityGlobals) = postSolution
		SolutionGuid = {E20A8B06-24BA-4421-9856-B8DC85D10733}
	EndGlobalSection
EndGlobal
