
Microsoft Visual Studio Solution File, Format Version 12.00
# Visual Studio Version 16
VisualStudioVersion = 16.0.30907.101
MinimumVisualStudioVersion = 10.0.40219.1
Project("{9A19103F-16F7-4668-BE54-9A1E7A4F7556}") = "SumSeconds", "..\SumSeconds\SumSeconds.csproj", "{1A33FA23-DD9E-42F8-8DE3-01AFC7463CAE}"
EndProject
Project("{9A19103F-16F7-4668-BE54-9A1E7A4F7556}") = "BonusPoints", "..\BonusPoints\BonusPoints.csproj", "{C56ECBA4-16FE-4FAB-8C71-5CABCF84D863}"
EndProject
Project("{9A19103F-16F7-4668-BE54-9A1E7A4F7556}") = "SpeedInfo", "..\SpeedInfo\SpeedInfo.csproj", "{EE482E5B-5A89-4D6C-8553-3D82CF0CA300}"
EndProject
Project("{FAE04EC0-301F-11D3-BF4B-00C04F79EFBC}") = "MetricConverter", "MetricConverter\MetricConverter.csproj", "{40FBCA66-BBA1-4E67-875D-2A90FE32EB6B}"
EndProject
Project("{FAE04EC0-301F-11D3-BF4B-00C04F79EFBC}") = "Time+15", "Time+15\Time+15.csproj", "{108CAE95-9B11-427D-9FAC-76DC681B23E5}"
EndProject
Project("{FAE04EC0-301F-11D3-BF4B-00C04F79EFBC}") = "LizerVSMonke", "LizerVSMonke\LizerVSMonke.csproj", "{9E8CEFDA-468E-4EDF-B18A-691B31B1EACC}"
EndProject
Project("{FAE04EC0-301F-11D3-BF4B-00C04F79EFBC}") = "SwimmingRecord", "SwimmingRecord\SwimmingRecord.csproj", "{2733ACD1-90AF-4A7C-97F3-8E93952D87A8}"
EndProject
Project("{FAE04EC0-301F-11D3-BF4B-00C04F79EFBC}") = "Scholarship", "Scholarship\Scholarship.csproj", "{977AB2EE-3BB0-417D-A822-9BF58AE182C7}"
EndProject
Global
	GlobalSection(SolutionConfigurationPlatforms) = preSolution
		Debug|Any CPU = Debug|Any CPU
		Release|Any CPU = Release|Any CPU
	EndGlobalSection
	GlobalSection(ProjectConfigurationPlatforms) = postSolution
		{1A33FA23-DD9E-42F8-8DE3-01AFC7463CAE}.Debug|Any CPU.ActiveCfg = Debug|Any CPU
		{1A33FA23-DD9E-42F8-8DE3-01AFC7463CAE}.Debug|Any CPU.Build.0 = Debug|Any CPU
		{1A33FA23-DD9E-42F8-8DE3-01AFC7463CAE}.Release|Any CPU.ActiveCfg = Release|Any CPU
		{1A33FA23-DD9E-42F8-8DE3-01AFC7463CAE}.Release|Any CPU.Build.0 = Release|Any CPU
		{C56ECBA4-16FE-4FAB-8C71-5CABCF84D863}.Debug|Any CPU.ActiveCfg = Debug|Any CPU
		{C56ECBA4-16FE-4FAB-8C71-5CABCF84D863}.Debug|Any CPU.Build.0 = Debug|Any CPU
		{C56ECBA4-16FE-4FAB-8C71-5CABCF84D863}.Release|Any CPU.ActiveCfg = Release|Any CPU
		{C56ECBA4-16FE-4FAB-8C71-5CABCF84D863}.Release|Any CPU.Build.0 = Release|Any CPU
		{EE482E5B-5A89-4D6C-8553-3D82CF0CA300}.Debug|Any CPU.ActiveCfg = Debug|Any CPU
		{EE482E5B-5A89-4D6C-8553-3D82CF0CA300}.Debug|Any CPU.Build.0 = Debug|Any CPU
		{EE482E5B-5A89-4D6C-8553-3D82CF0CA300}.Release|Any CPU.ActiveCfg = Release|Any CPU
		{EE482E5B-5A89-4D6C-8553-3D82CF0CA300}.Release|Any CPU.Build.0 = Release|Any CPU
		{40FBCA66-BBA1-4E67-875D-2A90FE32EB6B}.Debug|Any CPU.ActiveCfg = Debug|Any CPU
		{40FBCA66-BBA1-4E67-875D-2A90FE32EB6B}.Debug|Any CPU.Build.0 = Debug|Any CPU
		{40FBCA66-BBA1-4E67-875D-2A90FE32EB6B}.Release|Any CPU.ActiveCfg = Release|Any CPU
		{40FBCA66-BBA1-4E67-875D-2A90FE32EB6B}.Release|Any CPU.Build.0 = Release|Any CPU
		{108CAE95-9B11-427D-9FAC-76DC681B23E5}.Debug|Any CPU.ActiveCfg = Debug|Any CPU
		{108CAE95-9B11-427D-9FAC-76DC681B23E5}.Debug|Any CPU.Build.0 = Debug|Any CPU
		{108CAE95-9B11-427D-9FAC-76DC681B23E5}.Release|Any CPU.ActiveCfg = Release|Any CPU
		{108CAE95-9B11-427D-9FAC-76DC681B23E5}.Release|Any CPU.Build.0 = Release|Any CPU
		{9E8CEFDA-468E-4EDF-B18A-691B31B1EACC}.Debug|Any CPU.ActiveCfg = Debug|Any CPU
		{9E8CEFDA-468E-4EDF-B18A-691B31B1EACC}.Debug|Any CPU.Build.0 = Debug|Any CPU
		{9E8CEFDA-468E-4EDF-B18A-691B31B1EACC}.Release|Any CPU.ActiveCfg = Release|Any CPU
		{9E8CEFDA-468E-4EDF-B18A-691B31B1EACC}.Release|Any CPU.Build.0 = Release|Any CPU
		{2733ACD1-90AF-4A7C-97F3-8E93952D87A8}.Debug|Any CPU.ActiveCfg = Debug|Any CPU
		{2733ACD1-90AF-4A7C-97F3-8E93952D87A8}.Debug|Any CPU.Build.0 = Debug|Any CPU
		{2733ACD1-90AF-4A7C-97F3-8E93952D87A8}.Release|Any CPU.ActiveCfg = Release|Any CPU
		{2733ACD1-90AF-4A7C-97F3-8E93952D87A8}.Release|Any CPU.Build.0 = Release|Any CPU
		{977AB2EE-3BB0-417D-A822-9BF58AE182C7}.Debug|Any CPU.ActiveCfg = Debug|Any CPU
		{977AB2EE-3BB0-417D-A822-9BF58AE182C7}.Debug|Any CPU.Build.0 = Debug|Any CPU
		{977AB2EE-3BB0-417D-A822-9BF58AE182C7}.Release|Any CPU.ActiveCfg = Release|Any CPU
		{977AB2EE-3BB0-417D-A822-9BF58AE182C7}.Release|Any CPU.Build.0 = Release|Any CPU
	EndGlobalSection
	GlobalSection(SolutionProperties) = preSolution
		HideSolutionNode = FALSE
	EndGlobalSection
	GlobalSection(ExtensibilityGlobals) = postSolution
		SolutionGuid = {ADEEE57A-FC9A-4199-B9D8-CF6E31170B52}
	EndGlobalSection
EndGlobal
